
Microsoft Visual Studio Solution File, Format Version 12.00
# Visual Studio 15
VisualStudioVersion = 15.0.28307.1082
MinimumVisualStudioVersion = 10.0.40219.1
Project("{9A19103F-16F7-4668-BE54-9A1E7A4F7556}") = "Test", "ConsoleApp1\Test.csproj", "{E0C7DB5C-948C-4280-96B2-E7F0636138D0}"
EndProject
Project("{9A19103F-16F7-4668-BE54-9A1E7A4F7556}") = "Tom", "ConsoleApp2\Tom.csproj", "{78528B47-A891-4E78-AC0D-31DBF6039863}"
EndProject
Project("{9A19103F-16F7-4668-BE54-9A1E7A4F7556}") = "Конструкции", "Конструкции\Конструкции.csproj", "{8E4205EC-9FDB-4458-A63F-E0F77D3CFB47}"
EndProject
Project("{9A19103F-16F7-4668-BE54-9A1E7A4F7556}") = "Циклы", "ConsoleApp3\Циклы.csproj", "{E88DB0B7-D23E-4D83-95F3-F4A6084E207D}"
EndProject
Project("{9A19103F-16F7-4668-BE54-9A1E7A4F7556}") = "Методы", "Методы\Методы.csproj", "{12FFDD1B-FD48-48CB-8654-168ED42B8F55}"
EndProject
Project("{FAE04EC0-301F-11D3-BF4B-00C04F79EFBC}") = "Ссылки и значения", "Ссылки и значения\Ссылки и значения.csproj", "{7516C636-364A-48B7-801A-3F245CDFE72E}"
EndProject
Global
	GlobalSection(SolutionConfigurationPlatforms) = preSolution
		Debug|Any CPU = Debug|Any CPU
		Release|Any CPU = Release|Any CPU
	EndGlobalSection
	GlobalSection(ProjectConfigurationPlatforms) = postSolution
		{E0C7DB5C-948C-4280-96B2-E7F0636138D0}.Debug|Any CPU.ActiveCfg = Debug|Any CPU
		{E0C7DB5C-948C-4280-96B2-E7F0636138D0}.Debug|Any CPU.Build.0 = Debug|Any CPU
		{E0C7DB5C-948C-4280-96B2-E7F0636138D0}.Release|Any CPU.ActiveCfg = Release|Any CPU
		{E0C7DB5C-948C-4280-96B2-E7F0636138D0}.Release|Any CPU.Build.0 = Release|Any CPU
		{78528B47-A891-4E78-AC0D-31DBF6039863}.Debug|Any CPU.ActiveCfg = Debug|Any CPU
		{78528B47-A891-4E78-AC0D-31DBF6039863}.Debug|Any CPU.Build.0 = Debug|Any CPU
		{78528B47-A891-4E78-AC0D-31DBF6039863}.Release|Any CPU.ActiveCfg = Release|Any CPU
		{78528B47-A891-4E78-AC0D-31DBF6039863}.Release|Any CPU.Build.0 = Release|Any CPU
		{8E4205EC-9FDB-4458-A63F-E0F77D3CFB47}.Debug|Any CPU.ActiveCfg = Debug|Any CPU
		{8E4205EC-9FDB-4458-A63F-E0F77D3CFB47}.Debug|Any CPU.Build.0 = Debug|Any CPU
		{8E4205EC-9FDB-4458-A63F-E0F77D3CFB47}.Release|Any CPU.ActiveCfg = Release|Any CPU
		{8E4205EC-9FDB-4458-A63F-E0F77D3CFB47}.Release|Any CPU.Build.0 = Release|Any CPU
		{E88DB0B7-D23E-4D83-95F3-F4A6084E207D}.Debug|Any CPU.ActiveCfg = Debug|Any CPU
		{E88DB0B7-D23E-4D83-95F3-F4A6084E207D}.Debug|Any CPU.Build.0 = Debug|Any CPU
		{E88DB0B7-D23E-4D83-95F3-F4A6084E207D}.Release|Any CPU.ActiveCfg = Release|Any CPU
		{E88DB0B7-D23E-4D83-95F3-F4A6084E207D}.Release|Any CPU.Build.0 = Release|Any CPU
		{12FFDD1B-FD48-48CB-8654-168ED42B8F55}.Debug|Any CPU.ActiveCfg = Debug|Any CPU
		{12FFDD1B-FD48-48CB-8654-168ED42B8F55}.Debug|Any CPU.Build.0 = Debug|Any CPU
		{12FFDD1B-FD48-48CB-8654-168ED42B8F55}.Release|Any CPU.ActiveCfg = Release|Any CPU
		{12FFDD1B-FD48-48CB-8654-168ED42B8F55}.Release|Any CPU.Build.0 = Release|Any CPU
		{7516C636-364A-48B7-801A-3F245CDFE72E}.Debug|Any CPU.ActiveCfg = Debug|Any CPU
		{7516C636-364A-48B7-801A-3F245CDFE72E}.Debug|Any CPU.Build.0 = Debug|Any CPU
		{7516C636-364A-48B7-801A-3F245CDFE72E}.Release|Any CPU.ActiveCfg = Release|Any CPU
		{7516C636-364A-48B7-801A-3F245CDFE72E}.Release|Any CPU.Build.0 = Release|Any CPU
	EndGlobalSection
	GlobalSection(SolutionProperties) = preSolution
		HideSolutionNode = FALSE
	EndGlobalSection
	GlobalSection(ExtensibilityGlobals) = postSolution
		SolutionGuid = {F3FB253D-EC07-4DAF-9706-CD5E2BE01DD4}
	EndGlobalSection
EndGlobal
